
Microsoft Visual Studio Solution File, Format Version 12.00
Project("{FAE04EC0-301F-11D3-BF4B-00C04F79EFBC}") = "keyboardglance", "keyboardglance\keyboardglance.csproj", "{AC98D2F5-0309-49E4-9974-854D33FF0160}"
EndProject
Global
	GlobalSection(SolutionConfigurationPlatforms) = preSolution
		Debug|Any CPU = Debug|Any CPU
		Release|Any CPU = Release|Any CPU
	EndGlobalSection
	GlobalSection(ProjectConfigurationPlatforms) = postSolution
		{AC98D2F5-0309-49E4-9974-854D33FF0160}.Debug|Any CPU.ActiveCfg = Debug|Any CPU
		{AC98D2F5-0309-49E4-9974-854D33FF0160}.Debug|Any CPU.Build.0 = Debug|Any CPU
		{AC98D2F5-0309-49E4-9974-854D33FF0160}.Release|Any CPU.ActiveCfg = Release|Any CPU
		{AC98D2F5-0309-49E4-9974-854D33FF0160}.Release|Any CPU.Build.0 = Release|Any CPU
	EndGlobalSection
EndGlobal
